{
  "name": "obrazm",
  "lockfileVersion": 3,
  "requires": true,
  "packages": {
    "": {
      "dependencies": {
        "uikit": "^3.23.13"
      }
    },
    "node_modules/uikit": {
      "version": "3.23.13",
      "resolved": "https://registry.npmjs.org/uikit/-/uikit-3.23.13.tgz",
      "integrity": "sha512-TegJHfHnd8w+ofcjlUX6O8vCiTNKVJJkhjBNlaC+nBJmwvkt1dQ/t1NG7I1FZ3EkkrxriMYwC0i7RGWIFsfyQg==",
      "license": "MIT"
    }
  }
}
